{
  "version": 4,
  "terraform_version": "1.3.7",
  "serial": 29,
  "lineage": "67dc6002-fd0e-28cc-9e27-a19f150e49b9",
  "outputs": {
    "aws_ec2_instances": {
      "value": {
        "ami": "ubuntu-afed768",
        "instances": 4,
        "keys": [
          "key1.pem",
          "key2.pem"
        ],
        "name": "test_ec2_instance"
      },
      "type": [
        "object",
        {
          "ami": "string",
          "instances": "number",
          "keys": [
            "list",
            "string"
          ],
          "name": "string"
        }
      ]
    },
    "devops_op_trainer": {
      "value": "KunalKushwaha",
      "type": "string"
    },
    "tf_batch_students": {
      "value": "10",
      "type": "string"
    }
  },
  "resources": [
    {
      "mode": "managed",
      "type": "local_file",
      "name": "devops",
      "provider": "provider[\"registry.terraform.io/hashicorp/local\"]",
      "instances": [
        {
          "schema_version": 0,
          "attributes": {
            "content": "This is a cool content 1",
            "content_base64": null,
            "directory_permission": "0777",
            "file_permission": "0777",
            "filename": "/home/badkarma/terraform-variables/file_1.txt",
            "id": "3f631544008e818b76bea8408753fdea286b3fbe",
            "sensitive_content": null,
            "source": null
          },
          "sensitive_attributes": []
        }
      ]
    },
    {
      "mode": "managed",
      "type": "local_file",
      "name": "devops-var",
      "provider": "provider[\"registry.terraform.io/hashicorp/local\"]",
      "instances": [
        {
          "schema_version": 0,
          "attributes": {
            "content": "This is a cooler content 2",
            "content_base64": null,
            "directory_permission": "0777",
            "file_permission": "0777",
            "filename": "/home/badkarma/terraform-variables/file_2.txt",
            "id": "03e21803b0501d9175a14461511b642cec8de489",
            "sensitive_content": null,
            "source": null
          },
          "sensitive_attributes": []
        }
      ]
    }
  ],
  "check_results": null
}
